
Microsoft Visual Studio Solution File, Format Version 12.00
# Visual Studio Version 16
VisualStudioVersion = 16.0.32602.291
MinimumVisualStudioVersion = 10.0.40219.1
Project("{FAE04EC0-301F-11D3-BF4B-00C04F79EFBC}") = "string_metotlar_1", "string_metotlar_1\string_metotlar_1.csproj", "{9A9696A0-3286-4C41-B0A5-438727A9EBFE}"
EndProject
Global
	GlobalSection(SolutionConfigurationPlatforms) = preSolution
		Debug|Any CPU = Debug|Any CPU
		Release|Any CPU = Release|Any CPU
	EndGlobalSection
	GlobalSection(ProjectConfigurationPlatforms) = postSolution
		{9A9696A0-3286-4C41-B0A5-438727A9EBFE}.Debug|Any CPU.ActiveCfg = Debug|Any CPU
		{9A9696A0-3286-4C41-B0A5-438727A9EBFE}.Debug|Any CPU.Build.0 = Debug|Any CPU
		{9A9696A0-3286-4C41-B0A5-438727A9EBFE}.Release|Any CPU.ActiveCfg = Release|Any CPU
		{9A9696A0-3286-4C41-B0A5-438727A9EBFE}.Release|Any CPU.Build.0 = Release|Any CPU
	EndGlobalSection
	GlobalSection(SolutionProperties) = preSolution
		HideSolutionNode = FALSE
	EndGlobalSection
	GlobalSection(ExtensibilityGlobals) = postSolution
		SolutionGuid = {033FE600-65DC-4E1C-8D25-F20BA1047BDA}
	EndGlobalSection
EndGlobal
